
Microsoft Visual Studio Solution File, Format Version 12.00
# Visual Studio Version 17
VisualStudioVersion = 17.8.34330.188
MinimumVisualStudioVersion = 10.0.40219.1
Project("{FAE04EC0-301F-11D3-BF4B-00C04F79EFBC}") = "picu", "picu.csproj", "{9D56CB0E-E3B3-4EAB-82FE-215E1DC890D6}"
EndProject
Global
	GlobalSection(SolutionConfigurationPlatforms) = preSolution
		Debug|Any CPU = Debug|Any CPU
		Release|Any CPU = Release|Any CPU
	EndGlobalSection
	GlobalSection(ProjectConfigurationPlatforms) = postSolution
		{9D56CB0E-E3B3-4EAB-82FE-215E1DC890D6}.Debug|Any CPU.ActiveCfg = Debug|Any CPU
		{9D56CB0E-E3B3-4EAB-82FE-215E1DC890D6}.Debug|Any CPU.Build.0 = Debug|Any CPU
		{9D56CB0E-E3B3-4EAB-82FE-215E1DC890D6}.Release|Any CPU.ActiveCfg = Release|Any CPU
		{9D56CB0E-E3B3-4EAB-82FE-215E1DC890D6}.Release|Any CPU.Build.0 = Release|Any CPU
	EndGlobalSection
	GlobalSection(SolutionProperties) = preSolution
		HideSolutionNode = FALSE
	EndGlobalSection
	GlobalSection(ExtensibilityGlobals) = postSolution
		SolutionGuid = {4647BE71-88E1-421F-BE08-5F2CFBC41F27}
	EndGlobalSection
EndGlobal
